// !$*UTF8*$!
{
	archiveVersion = 1;
	classes = {
	};
	objectVersion = 46;
	objects = {

/* Begin PBXBuildFile section */
		CA2D096B191039CC00858451 /* Foundation.framework in Frameworks */ = {isa = PBXBuildFile; fileRef = CA2D096A191039CC00858451 /* Foundation.framework */; };
		CA2D096D191039CC00858451 /* CoreGraphics.framework in Frameworks */ = {isa = PBXBuildFile; fileRef = CA2D096C191039CC00858451 /* CoreGraphics.framework */; };
		CA2D096F191039CC00858451 /* UIKit.framework in Frameworks */ = {isa = PBXBuildFile; fileRef = CA2D096E191039CC00858451 /* UIKit.framework */; };
		CA2D0975191039CC00858451 /* InfoPlist.strings in Resources */ = {isa = PBXBuildFile; fileRef = CA2D0973191039CC00858451 /* InfoPlist.strings */; };
		CA2D0977191039CC00858451 /* main.m in Sources */ = {isa = PBXBuildFile; fileRef = CA2D0976191039CC00858451 /* main.m */; };
		CA2D097B191039CC00858451 /* AppDelegate.m in Sources */ = {isa = PBXBuildFile; fileRef = CA2D097A191039CC00858451 /* AppDelegate.m */; };
		CA2D097E191039CC00858451 /* Main.storyboard in Resources */ = {isa = PBXBuildFile; fileRef = CA2D097C191039CC00858451 /* Main.storyboard */; };
		CA2D0981191039CC00858451 /* ViewController.m in Sources */ = {isa = PBXBuildFile; fileRef = CA2D0980191039CC00858451 /* ViewController.m */; };
		CA2D0983191039CC00858451 /* Images.xcassets in Resources */ = {isa = PBXBuildFile; fileRef = CA2D0982191039CC00858451 /* Images.xcassets */; };
		CA2D098A191039CC00858451 /* XCTest.framework in Frameworks */ = {isa = PBXBuildFile; fileRef = CA2D0989191039CC00858451 /* XCTest.framework */; };
		CA2D098B191039CC00858451 /* Foundation.framework in Frameworks */ = {isa = PBXBuildFile; fileRef = CA2D096A191039CC00858451 /* Foundation.framework */; };
		CA2D098C191039CC00858451 /* UIKit.framework in Frameworks */ = {isa = PBXBuildFile; fileRef = CA2D096E191039CC00858451 /* UIKit.framework */; };
		CA2D0994191039CC00858451 /* InfoPlist.strings in Resources */ = {isa = PBXBuildFile; fileRef = CA2D0992191039CC00858451 /* InfoPlist.strings */; };
		CA2D0996191039CC00858451 /* clip_in_app_checkout_exampleTests.m in Sources */ = {isa = PBXBuildFile; fileRef = CA2D0995191039CC00858451 /* clip_in_app_checkout_exampleTests.m */; };
		CA2D09A019103BA700858451 /* icon-merchant-logo.png in Resources */ = {isa = PBXBuildFile; fileRef = CA2D099F19103BA700858451 /* icon-merchant-logo.png */; };
		CA2D09AA19103D4B00858451 /* CoreLocation.framework in Frameworks */ = {isa = PBXBuildFile; fileRef = CA2D09A919103D4B00858451 /* CoreLocation.framework */; };
		CA2D09AC19103D5300858451 /* Security.framework in Frameworks */ = {isa = PBXBuildFile; fileRef = CA2D09AB19103D5300858451 /* Security.framework */; };
		CA2D09AE19103D5D00858451 /* SystemConfiguration.framework in Frameworks */ = {isa = PBXBuildFile; fileRef = CA2D09AD19103D5D00858451 /* SystemConfiguration.framework */; };
		CA2D09B019103D6700858451 /* MobileCoreServices.framework in Frameworks */ = {isa = PBXBuildFile; fileRef = CA2D09AF19103D6700858451 /* MobileCoreServices.framework */; };
		CA7E97501912C47A00ECA8B6 /* ClipCorePayments.bundle in Resources */ = {isa = PBXBuildFile; fileRef = CA7E974C1912C47A00ECA8B6 /* ClipCorePayments.bundle */; };
		CA7E97511912C47A00ECA8B6 /* libclip-ios-checkout-mpl.a in Frameworks */ = {isa = PBXBuildFile; fileRef = CA7E974E1912C47A00ECA8B6 /* libclip-ios-checkout-mpl.a */; };
		CA7E97521912C47A00ECA8B6 /* PayclipCommonResources.bundle in Resources */ = {isa = PBXBuildFile; fileRef = CA7E974F1912C47A00ECA8B6 /* PayclipCommonResources.bundle */; };
/* End PBXBuildFile section */

/* Begin PBXContainerItemProxy section */
		CA2D098D191039CC00858451 /* PBXContainerItemProxy */ = {
			isa = PBXContainerItemProxy;
			containerPortal = CA2D095F191039CC00858451 /* Project object */;
			proxyType = 1;
			remoteGlobalIDString = CA2D0966191039CC00858451;
			remoteInfo = "clip-in-app-checkout-example";
		};
/* End PBXContainerItemProxy section */

/* Begin PBXFileReference section */
		CA2D0967191039CC00858451 /* clip-in-app-checkout-example.app */ = {isa = PBXFileReference; explicitFileType = wrapper.application; includeInIndex = 0; path = "clip-in-app-checkout-example.app"; sourceTree = BUILT_PRODUCTS_DIR; };
		CA2D096A191039CC00858451 /* Foundation.framework */ = {isa = PBXFileReference; lastKnownFileType = wrapper.framework; name = Foundation.framework; path = System/Library/Frameworks/Foundation.framework; sourceTree = SDKROOT; };
		CA2D096C191039CC00858451 /* CoreGraphics.framework */ = {isa = PBXFileReference; lastKnownFileType = wrapper.framework; name = CoreGraphics.framework; path = System/Library/Frameworks/CoreGraphics.framework; sourceTree = SDKROOT; };
		CA2D096E191039CC00858451 /* UIKit.framework */ = {isa = PBXFileReference; lastKnownFileType = wrapper.framework; name = UIKit.framework; path = System/Library/Frameworks/UIKit.framework; sourceTree = SDKROOT; };
		CA2D0972191039CC00858451 /* clip-in-app-checkout-example-Info.plist */ = {isa = PBXFileReference; lastKnownFileType = text.plist.xml; path = "clip-in-app-checkout-example-Info.plist"; sourceTree = "<group>"; };
		CA2D0974191039CC00858451 /* en */ = {isa = PBXFileReference; lastKnownFileType = text.plist.strings; name = en; path = en.lproj/InfoPlist.strings; sourceTree = "<group>"; };
		CA2D0976191039CC00858451 /* main.m */ = {isa = PBXFileReference; lastKnownFileType = sourcecode.c.objc; path = main.m; sourceTree = "<group>"; };
		CA2D0978191039CC00858451 /* clip-in-app-checkout-example-Prefix.pch */ = {isa = PBXFileReference; lastKnownFileType = sourcecode.c.h; path = "clip-in-app-checkout-example-Prefix.pch"; sourceTree = "<group>"; };
		CA2D0979191039CC00858451 /* AppDelegate.h */ = {isa = PBXFileReference; lastKnownFileType = sourcecode.c.h; path = AppDelegate.h; sourceTree = "<group>"; };
		CA2D097A191039CC00858451 /* AppDelegate.m */ = {isa = PBXFileReference; lastKnownFileType = sourcecode.c.objc; path = AppDelegate.m; sourceTree = "<group>"; };
		CA2D097D191039CC00858451 /* Base */ = {isa = PBXFileReference; lastKnownFileType = file.storyboard; name = Base; path = Base.lproj/Main.storyboard; sourceTree = "<group>"; };
		CA2D097F191039CC00858451 /* ViewController.h */ = {isa = PBXFileReference; lastKnownFileType = sourcecode.c.h; path = ViewController.h; sourceTree = "<group>"; };
		CA2D0980191039CC00858451 /* ViewController.m */ = {isa = PBXFileReference; lastKnownFileType = sourcecode.c.objc; path = ViewController.m; sourceTree = "<group>"; };
		CA2D0982191039CC00858451 /* Images.xcassets */ = {isa = PBXFileReference; lastKnownFileType = folder.assetcatalog; path = Images.xcassets; sourceTree = "<group>"; };
		CA2D0988191039CC00858451 /* clip-in-app-checkout-exampleTests.xctest */ = {isa = PBXFileReference; explicitFileType = wrapper.cfbundle; includeInIndex = 0; path = "clip-in-app-checkout-exampleTests.xctest"; sourceTree = BUILT_PRODUCTS_DIR; };
		CA2D0989191039CC00858451 /* XCTest.framework */ = {isa = PBXFileReference; lastKnownFileType = wrapper.framework; name = XCTest.framework; path = Library/Frameworks/XCTest.framework; sourceTree = DEVELOPER_DIR; };
		CA2D0991191039CC00858451 /* clip-in-app-checkout-exampleTests-Info.plist */ = {isa = PBXFileReference; lastKnownFileType = text.plist.xml; path = "clip-in-app-checkout-exampleTests-Info.plist"; sourceTree = "<group>"; };
		CA2D0993191039CC00858451 /* en */ = {isa = PBXFileReference; lastKnownFileType = text.plist.strings; name = en; path = en.lproj/InfoPlist.strings; sourceTree = "<group>"; };
		CA2D0995191039CC00858451 /* clip_in_app_checkout_exampleTests.m */ = {isa = PBXFileReference; lastKnownFileType = sourcecode.c.objc; path = clip_in_app_checkout_exampleTests.m; sourceTree = "<group>"; };
		CA2D099F19103BA700858451 /* icon-merchant-logo.png */ = {isa = PBXFileReference; lastKnownFileType = image.png; path = "icon-merchant-logo.png"; sourceTree = "<group>"; };
		CA2D09A919103D4B00858451 /* CoreLocation.framework */ = {isa = PBXFileReference; lastKnownFileType = wrapper.framework; name = CoreLocation.framework; path = System/Library/Frameworks/CoreLocation.framework; sourceTree = SDKROOT; };
		CA2D09AB19103D5300858451 /* Security.framework */ = {isa = PBXFileReference; lastKnownFileType = wrapper.framework; name = Security.framework; path = System/Library/Frameworks/Security.framework; sourceTree = SDKROOT; };
		CA2D09AD19103D5D00858451 /* SystemConfiguration.framework */ = {isa = PBXFileReference; lastKnownFileType = wrapper.framework; name = SystemConfiguration.framework; path = System/Library/Frameworks/SystemConfiguration.framework; sourceTree = SDKROOT; };
		CA2D09AF19103D6700858451 /* MobileCoreServices.framework */ = {isa = PBXFileReference; lastKnownFileType = wrapper.framework; name = MobileCoreServices.framework; path = System/Library/Frameworks/MobileCoreServices.framework; sourceTree = SDKROOT; };
		CA7E974C1912C47A00ECA8B6 /* ClipCorePayments.bundle */ = {isa = PBXFileReference; lastKnownFileType = "wrapper.plug-in"; name = ClipCorePayments.bundle; path = ../../../MPL/ClipCorePayments.bundle; sourceTree = "<group>"; };
		CA7E974D1912C47A00ECA8B6 /* ClipWidget.h */ = {isa = PBXFileReference; fileEncoding = 4; lastKnownFileType = sourcecode.c.h; name = ClipWidget.h; path = ../../../MPL/ClipWidget.h; sourceTree = "<group>"; };
		CA7E974E1912C47A00ECA8B6 /* libclip-ios-checkout-mpl.a */ = {isa = PBXFileReference; lastKnownFileType = archive.ar; name = "libclip-ios-checkout-mpl.a"; path = "../../../MPL/libclip-ios-checkout-mpl.a"; sourceTree = "<group>"; };
		CA7E974F1912C47A00ECA8B6 /* PayclipCommonResources.bundle */ = {isa = PBXFileReference; lastKnownFileType = "wrapper.plug-in"; name = PayclipCommonResources.bundle; path = ../../../MPL/PayclipCommonResources.bundle; sourceTree = "<group>"; };
/* End PBXFileReference section */

/* Begin PBXFrameworksBuildPhase section */
		CA2D0964191039CC00858451 /* Frameworks */ = {
			isa = PBXFrameworksBuildPhase;
			buildActionMask = 2147483647;
			files = (
				CA2D09B019103D6700858451 /* MobileCoreServices.framework in Frameworks */,
				CA7E97511912C47A00ECA8B6 /* libclip-ios-checkout-mpl.a in Frameworks */,
				CA2D09AE19103D5D00858451 /* SystemConfiguration.framework in Frameworks */,
				CA2D09AC19103D5300858451 /* Security.framework in Frameworks */,
				CA2D09AA19103D4B00858451 /* CoreLocation.framework in Frameworks */,
				CA2D096D191039CC00858451 /* CoreGraphics.framework in Frameworks */,
				CA2D096F191039CC00858451 /* UIKit.framework in Frameworks */,
				CA2D096B191039CC00858451 /* Foundation.framework in Frameworks */,
			);
			runOnlyForDeploymentPostprocessing = 0;
		};
		CA2D0985191039CC00858451 /* Frameworks */ = {
			isa = PBXFrameworksBuildPhase;
			buildActionMask = 2147483647;
			files = (
				CA2D098A191039CC00858451 /* XCTest.framework in Frameworks */,
				CA2D098C191039CC00858451 /* UIKit.framework in Frameworks */,
				CA2D098B191039CC00858451 /* Foundation.framework in Frameworks */,
			);
			runOnlyForDeploymentPostprocessing = 0;
		};
/* End PBXFrameworksBuildPhase section */

/* Begin PBXGroup section */
		CA2D095E191039CC00858451 = {
			isa = PBXGroup;
			children = (
				CA2D0970191039CC00858451 /* clip-in-app-checkout-example */,
				CA2D098F191039CC00858451 /* clip-in-app-checkout-exampleTests */,
				CA2D0969191039CC00858451 /* Frameworks */,
				CA2D0968191039CC00858451 /* Products */,
			);
			sourceTree = "<group>";
		};
		CA2D0968191039CC00858451 /* Products */ = {
			isa = PBXGroup;
			children = (
				CA2D0967191039CC00858451 /* clip-in-app-checkout-example.app */,
				CA2D0988191039CC00858451 /* clip-in-app-checkout-exampleTests.xctest */,
			);
			name = Products;
			sourceTree = "<group>";
		};
		CA2D0969191039CC00858451 /* Frameworks */ = {
			isa = PBXGroup;
			children = (
				CA2D09AF19103D6700858451 /* MobileCoreServices.framework */,
				CA2D09AD19103D5D00858451 /* SystemConfiguration.framework */,
				CA2D09AB19103D5300858451 /* Security.framework */,
				CA2D09A919103D4B00858451 /* CoreLocation.framework */,
				CA2D096A191039CC00858451 /* Foundation.framework */,
				CA2D096C191039CC00858451 /* CoreGraphics.framework */,
				CA2D096E191039CC00858451 /* UIKit.framework */,
				CA2D0989191039CC00858451 /* XCTest.framework */,
			);
			name = Frameworks;
			sourceTree = "<group>";
		};
		CA2D0970191039CC00858451 /* clip-in-app-checkout-example */ = {
			isa = PBXGroup;
			children = (
				CA2D0979191039CC00858451 /* AppDelegate.h */,
				CA2D097A191039CC00858451 /* AppDelegate.m */,
				CA2D099F19103BA700858451 /* icon-merchant-logo.png */,
				CA2D0982191039CC00858451 /* Images.xcassets */,
				CA2D097C191039CC00858451 /* Main.storyboard */,
				CA2D0971191039CC00858451 /* Supporting Files */,
				CA2D09A119103BAC00858451 /* Vendor */,
				CA2D097F191039CC00858451 /* ViewController.h */,
				CA2D0980191039CC00858451 /* ViewController.m */,
			);
			path = "clip-in-app-checkout-example";
			sourceTree = "<group>";
		};
		CA2D0971191039CC00858451 /* Supporting Files */ = {
			isa = PBXGroup;
			children = (
				CA2D0972191039CC00858451 /* clip-in-app-checkout-example-Info.plist */,
				CA2D0973191039CC00858451 /* InfoPlist.strings */,
				CA2D0976191039CC00858451 /* main.m */,
				CA2D0978191039CC00858451 /* clip-in-app-checkout-example-Prefix.pch */,
			);
			name = "Supporting Files";
			sourceTree = "<group>";
		};
		CA2D098F191039CC00858451 /* clip-in-app-checkout-exampleTests */ = {
			isa = PBXGroup;
			children = (
				CA2D0995191039CC00858451 /* clip_in_app_checkout_exampleTests.m */,
				CA2D0990191039CC00858451 /* Supporting Files */,
			);
			path = "clip-in-app-checkout-exampleTests";
			sourceTree = "<group>";
		};
		CA2D0990191039CC00858451 /* Supporting Files */ = {
			isa = PBXGroup;
			children = (
				CA2D0991191039CC00858451 /* clip-in-app-checkout-exampleTests-Info.plist */,
				CA2D0992191039CC00858451 /* InfoPlist.strings */,
			);
			name = "Supporting Files";
			sourceTree = "<group>";
		};
		CA2D09A119103BAC00858451 /* Vendor */ = {
			isa = PBXGroup;
			children = (
				CA7E974C1912C47A00ECA8B6 /* ClipCorePayments.bundle */,
				CA7E974D1912C47A00ECA8B6 /* ClipWidget.h */,
				CA7E974E1912C47A00ECA8B6 /* libclip-ios-checkout-mpl.a */,
				CA7E974F1912C47A00ECA8B6 /* PayclipCommonResources.bundle */,
			);
			path = Vendor;
			sourceTree = "<group>";
		};
/* End PBXGroup section */

/* Begin PBXNativeTarget section */
		CA2D0966191039CC00858451 /* clip-in-app-checkout-example */ = {
			isa = PBXNativeTarget;
			buildConfigurationList = CA2D0999191039CC00858451 /* Build configuration list for PBXNativeTarget "clip-in-app-checkout-example" */;
			buildPhases = (
				CA2D0963191039CC00858451 /* Sources */,
				CA2D0964191039CC00858451 /* Frameworks */,
				CA2D0965191039CC00858451 /* Resources */,
			);
			buildRules = (
			);
			dependencies = (
			);
			name = "clip-in-app-checkout-example";
			productName = "clip-in-app-checkout-example";
			productReference = CA2D0967191039CC00858451 /* clip-in-app-checkout-example.app */;
			productType = "com.apple.product-type.application";
		};
		CA2D0987191039CC00858451 /* clip-in-app-checkout-exampleTests */ = {
			isa = PBXNativeTarget;
			buildConfigurationList = CA2D099C191039CC00858451 /* Build configuration list for PBXNativeTarget "clip-in-app-checkout-exampleTests" */;
			buildPhases = (
				CA2D0984191039CC00858451 /* Sources */,
				CA2D0985191039CC00858451 /* Frameworks */,
				CA2D0986191039CC00858451 /* Resources */,
			);
			buildRules = (
			);
			dependencies = (
				CA2D098E191039CC00858451 /* PBXTargetDependency */,
			);
			name = "clip-in-app-checkout-exampleTests";
			productName = "clip-in-app-checkout-exampleTests";
			productReference = CA2D0988191039CC00858451 /* clip-in-app-checkout-exampleTests.xctest */;
			productType = "com.apple.product-type.bundle.unit-test";
		};
/* End PBXNativeTarget section */

/* Begin PBXProject section */
		CA2D095F191039CC00858451 /* Project object */ = {
			isa = PBXProject;
			attributes = {
				LastUpgradeCheck = 0510;
				ORGANIZATIONNAME = Payclip;
				TargetAttributes = {
					CA2D0987191039CC00858451 = {
						TestTargetID = CA2D0966191039CC00858451;
					};
				};
			};
			buildConfigurationList = CA2D0962191039CC00858451 /* Build configuration list for PBXProject "clip-in-app-checkout-example" */;
			compatibilityVersion = "Xcode 3.2";
			developmentRegion = English;
			hasScannedForEncodings = 0;
			knownRegions = (
				en,
				Base,
			);
			mainGroup = CA2D095E191039CC00858451;
			productRefGroup = CA2D0968191039CC00858451 /* Products */;
			projectDirPath = "";
			projectRoot = "";
			targets = (
				CA2D0966191039CC00858451 /* clip-in-app-checkout-example */,
				CA2D0987191039CC00858451 /* clip-in-app-checkout-exampleTests */,
			);
		};
/* End PBXProject section */

/* Begin PBXResourcesBuildPhase section */
		CA2D0965191039CC00858451 /* Resources */ = {
			isa = PBXResourcesBuildPhase;
			buildActionMask = 2147483647;
			files = (
				CA2D0983191039CC00858451 /* Images.xcassets in Resources */,
				CA2D0975191039CC00858451 /* InfoPlist.strings in Resources */,
				CA2D097E191039CC00858451 /* Main.storyboard in Resources */,
				CA7E97521912C47A00ECA8B6 /* PayclipCommonResources.bundle in Resources */,
				CA7E97501912C47A00ECA8B6 /* ClipCorePayments.bundle in Resources */,
				CA2D09A019103BA700858451 /* icon-merchant-logo.png in Resources */,
			);
			runOnlyForDeploymentPostprocessing = 0;
		};
		CA2D0986191039CC00858451 /* Resources */ = {
			isa = PBXResourcesBuildPhase;
			buildActionMask = 2147483647;
			files = (
				CA2D0994191039CC00858451 /* InfoPlist.strings in Resources */,
			);
			runOnlyForDeploymentPostprocessing = 0;
		};
/* End PBXResourcesBuildPhase section */

/* Begin PBXSourcesBuildPhase section */
		CA2D0963191039CC00858451 /* Sources */ = {
			isa = PBXSourcesBuildPhase;
			buildActionMask = 2147483647;
			files = (
				CA2D0981191039CC00858451 /* ViewController.m in Sources */,
				CA2D097B191039CC00858451 /* AppDelegate.m in Sources */,
				CA2D0977191039CC00858451 /* main.m in Sources */,
			);
			runOnlyForDeploymentPostprocessing = 0;
		};
		CA2D0984191039CC00858451 /* Sources */ = {
			isa = PBXSourcesBuildPhase;
			buildActionMask = 2147483647;
			files = (
				CA2D0996191039CC00858451 /* clip_in_app_checkout_exampleTests.m in Sources */,
			);
			runOnlyForDeploymentPostprocessing = 0;
		};
/* End PBXSourcesBuildPhase section */

/* Begin PBXTargetDependency section */
		CA2D098E191039CC00858451 /* PBXTargetDependency */ = {
			isa = PBXTargetDependency;
			target = CA2D0966191039CC00858451 /* clip-in-app-checkout-example */;
			targetProxy = CA2D098D191039CC00858451 /* PBXContainerItemProxy */;
		};
/* End PBXTargetDependency section */

/* Begin PBXVariantGroup section */
		CA2D0973191039CC00858451 /* InfoPlist.strings */ = {
			isa = PBXVariantGroup;
			children = (
				CA2D0974191039CC00858451 /* en */,
			);
			name = InfoPlist.strings;
			sourceTree = "<group>";
		};
		CA2D097C191039CC00858451 /* Main.storyboard */ = {
			isa = PBXVariantGroup;
			children = (
				CA2D097D191039CC00858451 /* Base */,
			);
			name = Main.storyboard;
			sourceTree = "<group>";
		};
		CA2D0992191039CC00858451 /* InfoPlist.strings */ = {
			isa = PBXVariantGroup;
			children = (
				CA2D0993191039CC00858451 /* en */,
			);
			name = InfoPlist.strings;
			sourceTree = "<group>";
		};
/* End PBXVariantGroup section */

/* Begin XCBuildConfiguration section */
		CA2D0997191039CC00858451 /* Debug */ = {
			isa = XCBuildConfiguration;
			buildSettings = {
				ALWAYS_SEARCH_USER_PATHS = NO;
				CLANG_CXX_LANGUAGE_STANDARD = "gnu++0x";
				CLANG_CXX_LIBRARY = "libc++";
				CLANG_ENABLE_MODULES = YES;
				CLANG_ENABLE_OBJC_ARC = YES;
				CLANG_WARN_BOOL_CONVERSION = YES;
				CLANG_WARN_CONSTANT_CONVERSION = YES;
				CLANG_WARN_DIRECT_OBJC_ISA_USAGE = YES_ERROR;
				CLANG_WARN_EMPTY_BODY = YES;
				CLANG_WARN_ENUM_CONVERSION = YES;
				CLANG_WARN_INT_CONVERSION = YES;
				CLANG_WARN_OBJC_ROOT_CLASS = YES_ERROR;
				CLANG_WARN__DUPLICATE_METHOD_MATCH = YES;
				"CODE_SIGN_IDENTITY[sdk=iphoneos*]" = "iPhone Developer";
				COPY_PHASE_STRIP = NO;
				GCC_C_LANGUAGE_STANDARD = gnu99;
				GCC_DYNAMIC_NO_PIC = NO;
				GCC_OPTIMIZATION_LEVEL = 0;
				GCC_PREPROCESSOR_DEFINITIONS = (
					"DEBUG=1",
					"$(inherited)",
				);
				GCC_SYMBOLS_PRIVATE_EXTERN = NO;
				GCC_WARN_64_TO_32_BIT_CONVERSION = YES;
				GCC_WARN_ABOUT_RETURN_TYPE = YES_ERROR;
				GCC_WARN_UNDECLARED_SELECTOR = YES;
				GCC_WARN_UNINITIALIZED_AUTOS = YES_AGGRESSIVE;
				GCC_WARN_UNUSED_FUNCTION = YES;
				GCC_WARN_UNUSED_VARIABLE = YES;
				IPHONEOS_DEPLOYMENT_TARGET = 6.0;
				ONLY_ACTIVE_ARCH = YES;
				SDKROOT = iphoneos;
			};
			name = Debug;
		};
		CA2D0998191039CC00858451 /* Release */ = {
			isa = XCBuildConfiguration;
			buildSettings = {
				ALWAYS_SEARCH_USER_PATHS = NO;
				CLANG_CXX_LANGUAGE_STANDARD = "gnu++0x";
				CLANG_CXX_LIBRARY = "libc++";
				CLANG_ENABLE_MODULES = YES;
				CLANG_ENABLE_OBJC_ARC = YES;
				CLANG_WARN_BOOL_CONVERSION = YES;
				CLANG_WARN_CONSTANT_CONVERSION = YES;
				CLANG_WARN_DIRECT_OBJC_ISA_USAGE = YES_ERROR;
				CLANG_WARN_EMPTY_BODY = YES;
				CLANG_WARN_ENUM_CONVERSION = YES;
				CLANG_WARN_INT_CONVERSION = YES;
				CLANG_WARN_OBJC_ROOT_CLASS = YES_ERROR;
				CLANG_WARN__DUPLICATE_METHOD_MATCH = YES;
				"CODE_SIGN_IDENTITY[sdk=iphoneos*]" = "iPhone Developer";
				COPY_PHASE_STRIP = YES;
				ENABLE_NS_ASSERTIONS = NO;
				GCC_C_LANGUAGE_STANDARD = gnu99;
				GCC_WARN_64_TO_32_BIT_CONVERSION = YES;
				GCC_WARN_ABOUT_RETURN_TYPE = YES_ERROR;
				GCC_WARN_UNDECLARED_SELECTOR = YES;
				GCC_WARN_UNINITIALIZED_AUTOS = YES_AGGRESSIVE;
				GCC_WARN_UNUSED_FUNCTION = YES;
				GCC_WARN_UNUSED_VARIABLE = YES;
				IPHONEOS_DEPLOYMENT_TARGET = 6.0;
				SDKROOT = iphoneos;
				VALIDATE_PRODUCT = YES;
			};
			name = Release;
		};
		CA2D099A191039CC00858451 /* Debug */ = {
			isa = XCBuildConfiguration;
			buildSettings = {
				ASSETCATALOG_COMPILER_APPICON_NAME = AppIcon;
				ASSETCATALOG_COMPILER_LAUNCHIMAGE_NAME = LaunchImage;
				GCC_PRECOMPILE_PREFIX_HEADER = YES;
				GCC_PREFIX_HEADER = "clip-in-app-checkout-example/clip-in-app-checkout-example-Prefix.pch";
				INFOPLIST_FILE = "clip-in-app-checkout-example/clip-in-app-checkout-example-Info.plist";
				IPHONEOS_DEPLOYMENT_TARGET = 6.0;
				LIBRARY_SEARCH_PATHS = (
					"$(inherited)",
					"$(PROJECT_DIR)/clip-in-app-checkout-example/Vendor",
					"/Users/brandon/rocketmade/clip/clip-ios-in-app-checkout-sdk/MPL",
				);
				OTHER_LDFLAGS = "-ObjC";
				PRODUCT_NAME = "$(TARGET_NAME)";
				PROVISIONING_PROFILE = "";
				WRAPPER_EXTENSION = app;
			};
			name = Debug;
		};
		CA2D099B191039CC00858451 /* Release */ = {
			isa = XCBuildConfiguration;
			buildSettings = {
				ASSETCATALOG_COMPILER_APPICON_NAME = AppIcon;
				ASSETCATALOG_COMPILER_LAUNCHIMAGE_NAME = LaunchImage;
				GCC_PRECOMPILE_PREFIX_HEADER = YES;
				GCC_PREFIX_HEADER = "clip-in-app-checkout-example/clip-in-app-checkout-example-Prefix.pch";
				INFOPLIST_FILE = "clip-in-app-checkout-example/clip-in-app-checkout-example-Info.plist";
				IPHONEOS_DEPLOYMENT_TARGET = 6.0;
				LIBRARY_SEARCH_PATHS = (
					"$(inherited)",
					"$(PROJECT_DIR)/clip-in-app-checkout-example/Vendor",
					"/Users/brandon/rocketmade/clip/clip-ios-in-app-checkout-sdk/MPL",
				);
				OTHER_LDFLAGS = "-ObjC";
				PRODUCT_NAME = "$(TARGET_NAME)";
				PROVISIONING_PROFILE = "";
				WRAPPER_EXTENSION = app;
			};
			name = Release;
		};
		CA2D099D191039CC00858451 /* Debug */ = {
			isa = XCBuildConfiguration;
			buildSettings = {
				BUNDLE_LOADER = "$(BUILT_PRODUCTS_DIR)/clip-in-app-checkout-example.app/clip-in-app-checkout-example";
				FRAMEWORK_SEARCH_PATHS = (
					"$(SDKROOT)/Developer/Library/Frameworks",
					"$(inherited)",
					"$(DEVELOPER_FRAMEWORKS_DIR)",
				);
				GCC_PRECOMPILE_PREFIX_HEADER = YES;
				GCC_PREFIX_HEADER = "clip-in-app-checkout-example/clip-in-app-checkout-example-Prefix.pch";
				GCC_PREPROCESSOR_DEFINITIONS = (
					"DEBUG=1",
					"$(inherited)",
				);
				INFOPLIST_FILE = "clip-in-app-checkout-exampleTests/clip-in-app-checkout-exampleTests-Info.plist";
				PRODUCT_NAME = "$(TARGET_NAME)";
				TEST_HOST = "$(BUNDLE_LOADER)";
				WRAPPER_EXTENSION = xctest;
			};
			name = Debug;
		};
		CA2D099E191039CC00858451 /* Release */ = {
			isa = XCBuildConfiguration;
			buildSettings = {
				BUNDLE_LOADER = "$(BUILT_PRODUCTS_DIR)/clip-in-app-checkout-example.app/clip-in-app-checkout-example";
				FRAMEWORK_SEARCH_PATHS = (
					"$(SDKROOT)/Developer/Library/Frameworks",
					"$(inherited)",
					"$(DEVELOPER_FRAMEWORKS_DIR)",
				);
				GCC_PRECOMPILE_PREFIX_HEADER = YES;
				GCC_PREFIX_HEADER = "clip-in-app-checkout-example/clip-in-app-checkout-example-Prefix.pch";
				INFOPLIST_FILE = "clip-in-app-checkout-exampleTests/clip-in-app-checkout-exampleTests-Info.plist";
				PRODUCT_NAME = "$(TARGET_NAME)";
				TEST_HOST = "$(BUNDLE_LOADER)";
				WRAPPER_EXTENSION = xctest;
			};
			name = Release;
		};
/* End XCBuildConfiguration section */

/* Begin XCConfigurationList section */
		CA2D0962191039CC00858451 /* Build configuration list for PBXProject "clip-in-app-checkout-example" */ = {
			isa = XCConfigurationList;
			buildConfigurations = (
				CA2D0997191039CC00858451 /* Debug */,
				CA2D0998191039CC00858451 /* Release */,
			);
			defaultConfigurationIsVisible = 0;
			defaultConfigurationName = Release;
		};
		CA2D0999191039CC00858451 /* Build configuration list for PBXNativeTarget "clip-in-app-checkout-example" */ = {
			isa = XCConfigurationList;
			buildConfigurations = (
				CA2D099A191039CC00858451 /* Debug */,
				CA2D099B191039CC00858451 /* Release */,
			);
			defaultConfigurationIsVisible = 0;
			defaultConfigurationName = Release;
		};
		CA2D099C191039CC00858451 /* Build configuration list for PBXNativeTarget "clip-in-app-checkout-exampleTests" */ = {
			isa = XCConfigurationList;
			buildConfigurations = (
				CA2D099D191039CC00858451 /* Debug */,
				CA2D099E191039CC00858451 /* Release */,
			);
			defaultConfigurationIsVisible = 0;
			defaultConfigurationName = Release;
		};
/* End XCConfigurationList section */
	};
	rootObject = CA2D095F191039CC00858451 /* Project object */;
}
